// !$*UTF8*$!
{
	archiveVersion = 1;
	classes = {
	};
	objectVersion = 77;
	objects = {

/* Begin PBXBuildFile section */
		228D84AA2CCFE07B007E001E /* FeedKit in Frameworks */ = {isa = PBXBuildFile; productRef = 228D84A92CCFE07B007E001E /* FeedKit */; };
		84F75E23C7387CE7D6C57343 /* Pods_News_feed.framework in Frameworks */ = {isa = PBXBuildFile; fileRef = 804CF2A3D03BB09E179ED7A6 /* Pods_News_feed.framework */; };
/* End PBXBuildFile section */

/* Begin PBXContainerItemProxy section */
		22553D402D073C810020D164 /* PBXContainerItemProxy */ = {
			isa = PBXContainerItemProxy;
			containerPortal = 223C2E512CBFC4E700A6E75A /* Project object */;
			proxyType = 1;
			remoteGlobalIDString = 223C2E582CBFC4E700A6E75A;
			remoteInfo = "News feed";
		};
		2268F4AC2D07DC2600C05A96 /* PBXContainerItemProxy */ = {
			isa = PBXContainerItemProxy;
			containerPortal = 223C2E512CBFC4E700A6E75A /* Project object */;
			proxyType = 1;
			remoteGlobalIDString = 223C2E582CBFC4E700A6E75A;
			remoteInfo = "News feed";
		};
/* End PBXContainerItemProxy section */

/* Begin PBXFileReference section */
		223C2E592CBFC4E700A6E75A /* News feed.app */ = {isa = PBXFileReference; explicitFileType = wrapper.application; includeInIndex = 0; path = "News feed.app"; sourceTree = BUILT_PRODUCTS_DIR; };
		22553D3C2D073C810020D164 /* News feedTests.xctest */ = {isa = PBXFileReference; explicitFileType = wrapper.cfbundle; includeInIndex = 0; path = "News feedTests.xctest"; sourceTree = BUILT_PRODUCTS_DIR; };
		2268F4A62D07DC2600C05A96 /* News feedUITests.xctest */ = {isa = PBXFileReference; explicitFileType = wrapper.cfbundle; includeInIndex = 0; path = "News feedUITests.xctest"; sourceTree = BUILT_PRODUCTS_DIR; };
		7FAE4CE7CF1AA750703F8579 /* Pods-News feed.debug.xcconfig */ = {isa = PBXFileReference; includeInIndex = 1; lastKnownFileType = text.xcconfig; name = "Pods-News feed.debug.xcconfig"; path = "Target Support Files/Pods-News feed/Pods-News feed.debug.xcconfig"; sourceTree = "<group>"; };
		804CF2A3D03BB09E179ED7A6 /* Pods_News_feed.framework */ = {isa = PBXFileReference; explicitFileType = wrapper.framework; includeInIndex = 0; path = Pods_News_feed.framework; sourceTree = BUILT_PRODUCTS_DIR; };
		EADC5830E8843F73CC39E869 /* Pods-News feed.release.xcconfig */ = {isa = PBXFileReference; includeInIndex = 1; lastKnownFileType = text.xcconfig; name = "Pods-News feed.release.xcconfig"; path = "Target Support Files/Pods-News feed/Pods-News feed.release.xcconfig"; sourceTree = "<group>"; };
/* End PBXFileReference section */

/* Begin PBXFileSystemSynchronizedBuildFileExceptionSet section */
		223C2E6B2CBFC4E800A6E75A /* Exceptions for "News feed" folder in "News feed" target */ = {
			isa = PBXFileSystemSynchronizedBuildFileExceptionSet;
			membershipExceptions = (
				Info.plist,
			);
			target = 223C2E582CBFC4E700A6E75A /* News feed */;
		};
/* End PBXFileSystemSynchronizedBuildFileExceptionSet section */

/* Begin PBXFileSystemSynchronizedRootGroup section */
		223C2E5B2CBFC4E700A6E75A /* News feed */ = {
			isa = PBXFileSystemSynchronizedRootGroup;
			exceptions = (
				223C2E6B2CBFC4E800A6E75A /* Exceptions for "News feed" folder in "News feed" target */,
			);
			path = "News feed";
			sourceTree = "<group>";
		};
		22553D3D2D073C810020D164 /* News feedTests */ = {
			isa = PBXFileSystemSynchronizedRootGroup;
			path = "News feedTests";
			sourceTree = "<group>";
		};
		2268F4A72D07DC2600C05A96 /* News feedUITests */ = {
			isa = PBXFileSystemSynchronizedRootGroup;
			path = "News feedUITests";
			sourceTree = "<group>";
		};
/* End PBXFileSystemSynchronizedRootGroup section */

/* Begin PBXFrameworksBuildPhase section */
		223C2E562CBFC4E700A6E75A /* Frameworks */ = {
			isa = PBXFrameworksBuildPhase;
			buildActionMask = 2147483647;
			files = (
				228D84AA2CCFE07B007E001E /* FeedKit in Frameworks */,
				84F75E23C7387CE7D6C57343 /* Pods_News_feed.framework in Frameworks */,
			);
			runOnlyForDeploymentPostprocessing = 0;
		};
		22553D392D073C810020D164 /* Frameworks */ = {
			isa = PBXFrameworksBuildPhase;
			buildActionMask = 2147483647;
			files = (
			);
			runOnlyForDeploymentPostprocessing = 0;
		};
		2268F4A32D07DC2600C05A96 /* Frameworks */ = {
			isa = PBXFrameworksBuildPhase;
			buildActionMask = 2147483647;
			files = (
			);
			runOnlyForDeploymentPostprocessing = 0;
		};
/* End PBXFrameworksBuildPhase section */

/* Begin PBXGroup section */
		223C2E502CBFC4E700A6E75A = {
			isa = PBXGroup;
			children = (
				223C2E5B2CBFC4E700A6E75A /* News feed */,
				22553D3D2D073C810020D164 /* News feedTests */,
				2268F4A72D07DC2600C05A96 /* News feedUITests */,
				223C2E5A2CBFC4E700A6E75A /* Products */,
				A67E57EF6C15B9E85D8CC000 /* Pods */,
				B838D5EECA5C00799E45E5BB /* Frameworks */,
			);
			sourceTree = "<group>";
		};
		223C2E5A2CBFC4E700A6E75A /* Products */ = {
			isa = PBXGroup;
			children = (
				223C2E592CBFC4E700A6E75A /* News feed.app */,
				22553D3C2D073C810020D164 /* News feedTests.xctest */,
				2268F4A62D07DC2600C05A96 /* News feedUITests.xctest */,
			);
			name = Products;
			sourceTree = "<group>";
		};
		A67E57EF6C15B9E85D8CC000 /* Pods */ = {
			isa = PBXGroup;
			children = (
				7FAE4CE7CF1AA750703F8579 /* Pods-News feed.debug.xcconfig */,
				EADC5830E8843F73CC39E869 /* Pods-News feed.release.xcconfig */,
			);
			path = Pods;
			sourceTree = "<group>";
		};
		B838D5EECA5C00799E45E5BB /* Frameworks */ = {
			isa = PBXGroup;
			children = (
				804CF2A3D03BB09E179ED7A6 /* Pods_News_feed.framework */,
			);
			name = Frameworks;
			sourceTree = "<group>";
		};
/* End PBXGroup section */

/* Begin PBXNativeTarget section */
		223C2E582CBFC4E700A6E75A /* News feed */ = {
			isa = PBXNativeTarget;
			buildConfigurationList = 223C2E6C2CBFC4E800A6E75A /* Build configuration list for PBXNativeTarget "News feed" */;
			buildPhases = (
				AC9AA5CA7E265735B23A467E /* [CP] Check Pods Manifest.lock */,
				223C2E552CBFC4E700A6E75A /* Sources */,
				223C2E562CBFC4E700A6E75A /* Frameworks */,
				223C2E572CBFC4E700A6E75A /* Resources */,
				867DB910937E64213CE97E71 /* [CP] Embed Pods Frameworks */,
				F6842EA362627843893B631B /* [CP] Copy Pods Resources */,
			);
			buildRules = (
			);
			dependencies = (
			);
			fileSystemSynchronizedGroups = (
				223C2E5B2CBFC4E700A6E75A /* News feed */,
			);
			name = "News feed";
			packageProductDependencies = (
				228D84A92CCFE07B007E001E /* FeedKit */,
			);
			productName = "News feed";
			productReference = 223C2E592CBFC4E700A6E75A /* News feed.app */;
			productType = "com.apple.product-type.application";
		};
		22553D3B2D073C810020D164 /* News feedTests */ = {
			isa = PBXNativeTarget;
			buildConfigurationList = 22553D442D073C810020D164 /* Build configuration list for PBXNativeTarget "News feedTests" */;
			buildPhases = (
				22553D382D073C810020D164 /* Sources */,
				22553D392D073C810020D164 /* Frameworks */,
				22553D3A2D073C810020D164 /* Resources */,
			);
			buildRules = (
			);
			dependencies = (
				22553D412D073C810020D164 /* PBXTargetDependency */,
			);
			fileSystemSynchronizedGroups = (
				22553D3D2D073C810020D164 /* News feedTests */,
			);
			name = "News feedTests";
			packageProductDependencies = (
			);
			productName = "News feedTests";
			productReference = 22553D3C2D073C810020D164 /* News feedTests.xctest */;
			productType = "com.apple.product-type.bundle.unit-test";
		};
		2268F4A52D07DC2600C05A96 /* News feedUITests */ = {
			isa = PBXNativeTarget;
			buildConfigurationList = 2268F4AE2D07DC2600C05A96 /* Build configuration list for PBXNativeTarget "News feedUITests" */;
			buildPhases = (
				2268F4A22D07DC2600C05A96 /* Sources */,
				2268F4A32D07DC2600C05A96 /* Frameworks */,
				2268F4A42D07DC2600C05A96 /* Resources */,
			);
			buildRules = (
			);
			dependencies = (
				2268F4AD2D07DC2600C05A96 /* PBXTargetDependency */,
			);
			fileSystemSynchronizedGroups = (
				2268F4A72D07DC2600C05A96 /* News feedUITests */,
			);
			name = "News feedUITests";
			packageProductDependencies = (
			);
			productName = "News feedUITests";
			productReference = 2268F4A62D07DC2600C05A96 /* News feedUITests.xctest */;
			productType = "com.apple.product-type.bundle.ui-testing";
		};
/* End PBXNativeTarget section */

/* Begin PBXProject section */
		223C2E512CBFC4E700A6E75A /* Project object */ = {
			isa = PBXProject;
			attributes = {
				BuildIndependentTargetsInParallel = 1;
				LastSwiftUpdateCheck = 1610;
				LastUpgradeCheck = 1600;
				TargetAttributes = {
					223C2E582CBFC4E700A6E75A = {
						CreatedOnToolsVersion = 16.0;
					};
					22553D3B2D073C810020D164 = {
						CreatedOnToolsVersion = 16.1;
						TestTargetID = 223C2E582CBFC4E700A6E75A;
					};
					2268F4A52D07DC2600C05A96 = {
						CreatedOnToolsVersion = 16.1;
						TestTargetID = 223C2E582CBFC4E700A6E75A;
					};
				};
			};
			buildConfigurationList = 223C2E542CBFC4E700A6E75A /* Build configuration list for PBXProject "News feed" */;
			developmentRegion = en;
			hasScannedForEncodings = 0;
			knownRegions = (
				en,
				Base,
			);
			mainGroup = 223C2E502CBFC4E700A6E75A;
			minimizedProjectReferenceProxies = 1;
			packageReferences = (
				228D84A82CCFE07B007E001E /* XCRemoteSwiftPackageReference "FeedKit" */,
			);
			preferredProjectObjectVersion = 77;
			productRefGroup = 223C2E5A2CBFC4E700A6E75A /* Products */;
			projectDirPath = "";
			projectRoot = "";
			targets = (
				223C2E582CBFC4E700A6E75A /* News feed */,
				22553D3B2D073C810020D164 /* News feedTests */,
				2268F4A52D07DC2600C05A96 /* News feedUITests */,
			);
		};
/* End PBXProject section */

/* Begin PBXResourcesBuildPhase section */
		223C2E572CBFC4E700A6E75A /* Resources */ = {
			isa = PBXResourcesBuildPhase;
			buildActionMask = 2147483647;
			files = (
			);
			runOnlyForDeploymentPostprocessing = 0;
		};
		22553D3A2D073C810020D164 /* Resources */ = {
			isa = PBXResourcesBuildPhase;
			buildActionMask = 2147483647;
			files = (
			);
			runOnlyForDeploymentPostprocessing = 0;
		};
		2268F4A42D07DC2600C05A96 /* Resources */ = {
			isa = PBXResourcesBuildPhase;
			buildActionMask = 2147483647;
			files = (
			);
			runOnlyForDeploymentPostprocessing = 0;
		};
/* End PBXResourcesBuildPhase section */

/* Begin PBXShellScriptBuildPhase section */
		867DB910937E64213CE97E71 /* [CP] Embed Pods Frameworks */ = {
			isa = PBXShellScriptBuildPhase;
			buildActionMask = 2147483647;
			files = (
			);
			inputFileListPaths = (
				"${PODS_ROOT}/Target Support Files/Pods-News feed/Pods-News feed-frameworks-${CONFIGURATION}-input-files.xcfilelist",
			);
			name = "[CP] Embed Pods Frameworks";
			outputFileListPaths = (
				"${PODS_ROOT}/Target Support Files/Pods-News feed/Pods-News feed-frameworks-${CONFIGURATION}-output-files.xcfilelist",
			);
			runOnlyForDeploymentPostprocessing = 0;
			shellPath = /bin/sh;
			shellScript = "\"${PODS_ROOT}/Target Support Files/Pods-News feed/Pods-News feed-frameworks.sh\"\n";
			showEnvVarsInLog = 0;
		};
		AC9AA5CA7E265735B23A467E /* [CP] Check Pods Manifest.lock */ = {
			isa = PBXShellScriptBuildPhase;
			buildActionMask = 2147483647;
			files = (
			);
			inputFileListPaths = (
			);
			inputPaths = (
				"${PODS_PODFILE_DIR_PATH}/Podfile.lock",
				"${PODS_ROOT}/Manifest.lock",
			);
			name = "[CP] Check Pods Manifest.lock";
			outputFileListPaths = (
			);
			outputPaths = (
				"$(DERIVED_FILE_DIR)/Pods-News feed-checkManifestLockResult.txt",
			);
			runOnlyForDeploymentPostprocessing = 0;
			shellPath = /bin/sh;
			shellScript = "diff \"${PODS_PODFILE_DIR_PATH}/Podfile.lock\" \"${PODS_ROOT}/Manifest.lock\" > /dev/null\nif [ $? != 0 ] ; then\n    # print error to STDERR\n    echo \"error: The sandbox is not in sync with the Podfile.lock. Run 'pod install' or update your CocoaPods installation.\" >&2\n    exit 1\nfi\n# This output is used by Xcode 'outputs' to avoid re-running this script phase.\necho \"SUCCESS\" > \"${SCRIPT_OUTPUT_FILE_0}\"\n";
			showEnvVarsInLog = 0;
		};
		F6842EA362627843893B631B /* [CP] Copy Pods Resources */ = {
			isa = PBXShellScriptBuildPhase;
			buildActionMask = 2147483647;
			files = (
			);
			inputFileListPaths = (
				"${PODS_ROOT}/Target Support Files/Pods-News feed/Pods-News feed-resources-${CONFIGURATION}-input-files.xcfilelist",
			);
			name = "[CP] Copy Pods Resources";
			outputFileListPaths = (
				"${PODS_ROOT}/Target Support Files/Pods-News feed/Pods-News feed-resources-${CONFIGURATION}-output-files.xcfilelist",
			);
			runOnlyForDeploymentPostprocessing = 0;
			shellPath = /bin/sh;
			shellScript = "\"${PODS_ROOT}/Target Support Files/Pods-News feed/Pods-News feed-resources.sh\"\n";
			showEnvVarsInLog = 0;
		};
/* End PBXShellScriptBuildPhase section */

/* Begin PBXSourcesBuildPhase section */
		223C2E552CBFC4E700A6E75A /* Sources */ = {
			isa = PBXSourcesBuildPhase;
			buildActionMask = 2147483647;
			files = (
			);
			runOnlyForDeploymentPostprocessing = 0;
		};
		22553D382D073C810020D164 /* Sources */ = {
			isa = PBXSourcesBuildPhase;
			buildActionMask = 2147483647;
			files = (
			);
			runOnlyForDeploymentPostprocessing = 0;
		};
		2268F4A22D07DC2600C05A96 /* Sources */ = {
			isa = PBXSourcesBuildPhase;
			buildActionMask = 2147483647;
			files = (
			);
			runOnlyForDeploymentPostprocessing = 0;
		};
/* End PBXSourcesBuildPhase section */

/* Begin PBXTargetDependency section */
		22553D412D073C810020D164 /* PBXTargetDependency */ = {
			isa = PBXTargetDependency;
			target = 223C2E582CBFC4E700A6E75A /* News feed */;
			targetProxy = 22553D402D073C810020D164 /* PBXContainerItemProxy */;
		};
		2268F4AD2D07DC2600C05A96 /* PBXTargetDependency */ = {
			isa = PBXTargetDependency;
			target = 223C2E582CBFC4E700A6E75A /* News feed */;
			targetProxy = 2268F4AC2D07DC2600C05A96 /* PBXContainerItemProxy */;
		};
/* End PBXTargetDependency section */

/* Begin XCBuildConfiguration section */
		223C2E6D2CBFC4E800A6E75A /* Debug */ = {
			isa = XCBuildConfiguration;
			baseConfigurationReference = 7FAE4CE7CF1AA750703F8579 /* Pods-News feed.debug.xcconfig */;
			buildSettings = {
				ASSETCATALOG_COMPILER_APPICON_NAME = AppIcon;
				ASSETCATALOG_COMPILER_GLOBAL_ACCENT_COLOR_NAME = AccentColor;
				CODE_SIGN_STYLE = Automatic;
				CURRENT_PROJECT_VERSION = 1;
				DEVELOPMENT_TEAM = 4D98645N8M;
				GENERATE_INFOPLIST_FILE = YES;
				INFOPLIST_FILE = "News feed/Info.plist";
				INFOPLIST_KEY_LSApplicationCategoryType = "public.app-category.news";
				INFOPLIST_KEY_UIApplicationSupportsIndirectInputEvents = YES;
				INFOPLIST_KEY_UILaunchStoryboardName = LaunchScreen;
				INFOPLIST_KEY_UISupportedInterfaceOrientations_iPad = "UIInterfaceOrientationPortrait UIInterfaceOrientationPortraitUpsideDown UIInterfaceOrientationLandscapeLeft UIInterfaceOrientationLandscapeRight";
				INFOPLIST_KEY_UISupportedInterfaceOrientations_iPhone = "UIInterfaceOrientationPortrait UIInterfaceOrientationLandscapeLeft UIInterfaceOrientationLandscapeRight";
				IPHONEOS_DEPLOYMENT_TARGET = 15.0;
				LD_RUNPATH_SEARCH_PATHS = (
					"$(inherited)",
					"@executable_path/Frameworks",
				);
				MARKETING_VERSION = 1.0;
				PRODUCT_BUNDLE_IDENTIFIER = "Solohub.News-feed";
				PRODUCT_NAME = "$(TARGET_NAME)";
				SWIFT_EMIT_LOC_STRINGS = YES;
				SWIFT_VERSION = 5.0;
				TARGETED_DEVICE_FAMILY = "1,2";
			};
			name = Debug;
		};
		223C2E6E2CBFC4E800A6E75A /* Release */ = {
			isa = XCBuildConfiguration;
			baseConfigurationReference = EADC5830E8843F73CC39E869 /* Pods-News feed.release.xcconfig */;
			buildSettings = {
				ASSETCATALOG_COMPILER_APPICON_NAME = AppIcon;
				ASSETCATALOG_COMPILER_GLOBAL_ACCENT_COLOR_NAME = AccentColor;
				CODE_SIGN_STYLE = Automatic;
				CURRENT_PROJECT_VERSION = 1;
				DEVELOPMENT_TEAM = 4D98645N8M;
				GENERATE_INFOPLIST_FILE = YES;
				INFOPLIST_FILE = "News feed/Info.plist";
				INFOPLIST_KEY_LSApplicationCategoryType = "public.app-category.news";
				INFOPLIST_KEY_UIApplicationSupportsIndirectInputEvents = YES;
				INFOPLIST_KEY_UILaunchStoryboardName = LaunchScreen;
				INFOPLIST_KEY_UISupportedInterfaceOrientations_iPad = "UIInterfaceOrientationPortrait UIInterfaceOrientationPortraitUpsideDown UIInterfaceOrientationLandscapeLeft UIInterfaceOrientationLandscapeRight";
				INFOPLIST_KEY_UISupportedInterfaceOrientations_iPhone = "UIInterfaceOrientationPortrait UIInterfaceOrientationLandscapeLeft UIInterfaceOrientationLandscapeRight";
				IPHONEOS_DEPLOYMENT_TARGET = 15.0;
				LD_RUNPATH_SEARCH_PATHS = (
					"$(inherited)",
					"@executable_path/Frameworks",
				);
				MARKETING_VERSION = 1.0;
				PRODUCT_BUNDLE_IDENTIFIER = "Solohub.News-feed";
				PRODUCT_NAME = "$(TARGET_NAME)";
				SWIFT_EMIT_LOC_STRINGS = YES;
				SWIFT_VERSION = 5.0;
				TARGETED_DEVICE_FAMILY = "1,2";
			};
			name = Release;
		};
		223C2E6F2CBFC4E800A6E75A /* Debug */ = {
			isa = XCBuildConfiguration;
			buildSettings = {
				ALWAYS_SEARCH_USER_PATHS = NO;
				ASSETCATALOG_COMPILER_GENERATE_SWIFT_ASSET_SYMBOL_EXTENSIONS = YES;
				CLANG_ANALYZER_NONNULL = YES;
				CLANG_ANALYZER_NUMBER_OBJECT_CONVERSION = YES_AGGRESSIVE;
				CLANG_CXX_LANGUAGE_STANDARD = "gnu++20";
				CLANG_ENABLE_MODULES = YES;
				CLANG_ENABLE_OBJC_ARC = YES;
				CLANG_ENABLE_OBJC_WEAK = YES;
				CLANG_WARN_BLOCK_CAPTURE_AUTORELEASING = YES;
				CLANG_WARN_BOOL_CONVERSION = YES;
				CLANG_WARN_COMMA = YES;
				CLANG_WARN_CONSTANT_CONVERSION = YES;
				CLANG_WARN_DEPRECATED_OBJC_IMPLEMENTATIONS = YES;
				CLANG_WARN_DIRECT_OBJC_ISA_USAGE = YES_ERROR;
				CLANG_WARN_DOCUMENTATION_COMMENTS = YES;
				CLANG_WARN_EMPTY_BODY = YES;
				CLANG_WARN_ENUM_CONVERSION = YES;
				CLANG_WARN_INFINITE_RECURSION = YES;
				CLANG_WARN_INT_CONVERSION = YES;
				CLANG_WARN_NON_LITERAL_NULL_CONVERSION = YES;
				CLANG_WARN_OBJC_IMPLICIT_RETAIN_SELF = YES;
				CLANG_WARN_OBJC_LITERAL_CONVERSION = YES;
				CLANG_WARN_OBJC_ROOT_CLASS = YES_ERROR;
				CLANG_WARN_QUOTED_INCLUDE_IN_FRAMEWORK_HEADER = YES;
				CLANG_WARN_RANGE_LOOP_ANALYSIS = YES;
				CLANG_WARN_STRICT_PROTOTYPES = YES;
				CLANG_WARN_SUSPICIOUS_MOVE = YES;
				CLANG_WARN_UNGUARDED_AVAILABILITY = YES_AGGRESSIVE;
				CLANG_WARN_UNREACHABLE_CODE = YES;
				CLANG_WARN__DUPLICATE_METHOD_MATCH = YES;
				COPY_PHASE_STRIP = NO;
				DEBUG_INFORMATION_FORMAT = dwarf;
				ENABLE_STRICT_OBJC_MSGSEND = YES;
				ENABLE_TESTABILITY = YES;
				ENABLE_USER_SCRIPT_SANDBOXING = NO;
				GCC_C_LANGUAGE_STANDARD = gnu17;
				GCC_DYNAMIC_NO_PIC = NO;
				GCC_NO_COMMON_BLOCKS = YES;
				GCC_OPTIMIZATION_LEVEL = 0;
				GCC_PREPROCESSOR_DEFINITIONS = (
					"DEBUG=1",
					"$(inherited)",
				);
				GCC_WARN_64_TO_32_BIT_CONVERSION = YES;
				GCC_WARN_ABOUT_RETURN_TYPE = YES_ERROR;
				GCC_WARN_UNDECLARED_SELECTOR = YES;
				GCC_WARN_UNINITIALIZED_AUTOS = YES_AGGRESSIVE;
				GCC_WARN_UNUSED_FUNCTION = YES;
				GCC_WARN_UNUSED_VARIABLE = YES;
				IPHONEOS_DEPLOYMENT_TARGET = 18.0;
				LOCALIZATION_PREFERS_STRING_CATALOGS = YES;
				MTL_ENABLE_DEBUG_INFO = INCLUDE_SOURCE;
				MTL_FAST_MATH = YES;
				ONLY_ACTIVE_ARCH = YES;
				SDKROOT = iphoneos;
				SWIFT_ACTIVE_COMPILATION_CONDITIONS = "DEBUG $(inherited)";
				SWIFT_OPTIMIZATION_LEVEL = "-Onone";
			};
			name = Debug;
		};
		223C2E702CBFC4E800A6E75A /* Release */ = {
			isa = XCBuildConfiguration;
			buildSettings = {
				ALWAYS_SEARCH_USER_PATHS = NO;
				ASSETCATALOG_COMPILER_GENERATE_SWIFT_ASSET_SYMBOL_EXTENSIONS = YES;
				CLANG_ANALYZER_NONNULL = YES;
				CLANG_ANALYZER_NUMBER_OBJECT_CONVERSION = YES_AGGRESSIVE;
				CLANG_CXX_LANGUAGE_STANDARD = "gnu++20";
				CLANG_ENABLE_MODULES = YES;
				CLANG_ENABLE_OBJC_ARC = YES;
				CLANG_ENABLE_OBJC_WEAK = YES;
				CLANG_WARN_BLOCK_CAPTURE_AUTORELEASING = YES;
				CLANG_WARN_BOOL_CONVERSION = YES;
				CLANG_WARN_COMMA = YES;
				CLANG_WARN_CONSTANT_CONVERSION = YES;
				CLANG_WARN_DEPRECATED_OBJC_IMPLEMENTATIONS = YES;
				CLANG_WARN_DIRECT_OBJC_ISA_USAGE = YES_ERROR;
				CLANG_WARN_DOCUMENTATION_COMMENTS = YES;
				CLANG_WARN_EMPTY_BODY = YES;
				CLANG_WARN_ENUM_CONVERSION = YES;
				CLANG_WARN_INFINITE_RECURSION = YES;
				CLANG_WARN_INT_CONVERSION = YES;
				CLANG_WARN_NON_LITERAL_NULL_CONVERSION = YES;
				CLANG_WARN_OBJC_IMPLICIT_RETAIN_SELF = YES;
				CLANG_WARN_OBJC_LITERAL_CONVERSION = YES;
				CLANG_WARN_OBJC_ROOT_CLASS = YES_ERROR;
				CLANG_WARN_QUOTED_INCLUDE_IN_FRAMEWORK_HEADER = YES;
				CLANG_WARN_RANGE_LOOP_ANALYSIS = YES;
				CLANG_WARN_STRICT_PROTOTYPES = YES;
				CLANG_WARN_SUSPICIOUS_MOVE = YES;
				CLANG_WARN_UNGUARDED_AVAILABILITY = YES_AGGRESSIVE;
				CLANG_WARN_UNREACHABLE_CODE = YES;
				CLANG_WARN__DUPLICATE_METHOD_MATCH = YES;
				COPY_PHASE_STRIP = NO;
				DEBUG_INFORMATION_FORMAT = "dwarf-with-dsym";
				ENABLE_NS_ASSERTIONS = NO;
				ENABLE_STRICT_OBJC_MSGSEND = YES;
				ENABLE_USER_SCRIPT_SANDBOXING = NO;
				GCC_C_LANGUAGE_STANDARD = gnu17;
				GCC_NO_COMMON_BLOCKS = YES;
				GCC_WARN_64_TO_32_BIT_CONVERSION = YES;
				GCC_WARN_ABOUT_RETURN_TYPE = YES_ERROR;
				GCC_WARN_UNDECLARED_SELECTOR = YES;
				GCC_WARN_UNINITIALIZED_AUTOS = YES_AGGRESSIVE;
				GCC_WARN_UNUSED_FUNCTION = YES;
				GCC_WARN_UNUSED_VARIABLE = YES;
				IPHONEOS_DEPLOYMENT_TARGET = 18.0;
				LOCALIZATION_PREFERS_STRING_CATALOGS = YES;
				MTL_ENABLE_DEBUG_INFO = NO;
				MTL_FAST_MATH = YES;
				SDKROOT = iphoneos;
				SWIFT_COMPILATION_MODE = wholemodule;
				VALIDATE_PRODUCT = YES;
			};
			name = Release;
		};
		22553D422D073C810020D164 /* Debug */ = {
			isa = XCBuildConfiguration;
			buildSettings = {
				BUNDLE_LOADER = "$(TEST_HOST)";
				CODE_SIGN_STYLE = Automatic;
				CURRENT_PROJECT_VERSION = 1;
				DEVELOPMENT_TEAM = 4D98645N8M;
				ENABLE_USER_SCRIPT_SANDBOXING = YES;
				GENERATE_INFOPLIST_FILE = YES;
				IPHONEOS_DEPLOYMENT_TARGET = 18.1;
				MARKETING_VERSION = 1.0;
				PRODUCT_BUNDLE_IDENTIFIER = "Solohub.News-feedTests";
				PRODUCT_NAME = "$(TARGET_NAME)";
				SWIFT_EMIT_LOC_STRINGS = NO;
				SWIFT_VERSION = 5.0;
				TARGETED_DEVICE_FAMILY = "1,2";
				TEST_HOST = "$(BUILT_PRODUCTS_DIR)/News feed.app/$(BUNDLE_EXECUTABLE_FOLDER_PATH)/News feed";
			};
			name = Debug;
		};
		22553D432D073C810020D164 /* Release */ = {
			isa = XCBuildConfiguration;
			buildSettings = {
				BUNDLE_LOADER = "$(TEST_HOST)";
				CODE_SIGN_STYLE = Automatic;
				CURRENT_PROJECT_VERSION = 1;
				DEVELOPMENT_TEAM = 4D98645N8M;
				ENABLE_USER_SCRIPT_SANDBOXING = YES;
				GENERATE_INFOPLIST_FILE = YES;
				IPHONEOS_DEPLOYMENT_TARGET = 18.1;
				MARKETING_VERSION = 1.0;
				PRODUCT_BUNDLE_IDENTIFIER = "Solohub.News-feedTests";
				PRODUCT_NAME = "$(TARGET_NAME)";
				SWIFT_EMIT_LOC_STRINGS = NO;
				SWIFT_VERSION = 5.0;
				TARGETED_DEVICE_FAMILY = "1,2";
				TEST_HOST = "$(BUILT_PRODUCTS_DIR)/News feed.app/$(BUNDLE_EXECUTABLE_FOLDER_PATH)/News feed";
			};
			name = Release;
		};
		2268F4AF2D07DC2600C05A96 /* Debug */ = {
			isa = XCBuildConfiguration;
			buildSettings = {
				CODE_SIGN_STYLE = Automatic;
				CURRENT_PROJECT_VERSION = 1;
				DEVELOPMENT_TEAM = 4D98645N8M;
				ENABLE_USER_SCRIPT_SANDBOXING = YES;
				GENERATE_INFOPLIST_FILE = YES;
				IPHONEOS_DEPLOYMENT_TARGET = 18.1;
				MARKETING_VERSION = 1.0;
				PRODUCT_BUNDLE_IDENTIFIER = "Solohub.News-feedUITests";
				PRODUCT_NAME = "$(TARGET_NAME)";
				SWIFT_EMIT_LOC_STRINGS = NO;
				SWIFT_VERSION = 5.0;
				TARGETED_DEVICE_FAMILY = "1,2";
				TEST_TARGET_NAME = "News feed";
			};
			name = Debug;
		};
		2268F4B02D07DC2600C05A96 /* Release */ = {
			isa = XCBuildConfiguration;
			buildSettings = {
				CODE_SIGN_STYLE = Automatic;
				CURRENT_PROJECT_VERSION = 1;
				DEVELOPMENT_TEAM = 4D98645N8M;
				ENABLE_USER_SCRIPT_SANDBOXING = YES;
				GENERATE_INFOPLIST_FILE = YES;
				IPHONEOS_DEPLOYMENT_TARGET = 18.1;
				MARKETING_VERSION = 1.0;
				PRODUCT_BUNDLE_IDENTIFIER = "Solohub.News-feedUITests";
				PRODUCT_NAME = "$(TARGET_NAME)";
				SWIFT_EMIT_LOC_STRINGS = NO;
				SWIFT_VERSION = 5.0;
				TARGETED_DEVICE_FAMILY = "1,2";
				TEST_TARGET_NAME = "News feed";
			};
			name = Release;
		};
/* End XCBuildConfiguration section */

/* Begin XCConfigurationList section */
		223C2E542CBFC4E700A6E75A /* Build configuration list for PBXProject "News feed" */ = {
			isa = XCConfigurationList;
			buildConfigurations = (
				223C2E6F2CBFC4E800A6E75A /* Debug */,
				223C2E702CBFC4E800A6E75A /* Release */,
			);
			defaultConfigurationIsVisible = 0;
			defaultConfigurationName = Release;
		};
		223C2E6C2CBFC4E800A6E75A /* Build configuration list for PBXNativeTarget "News feed" */ = {
			isa = XCConfigurationList;
			buildConfigurations = (
				223C2E6D2CBFC4E800A6E75A /* Debug */,
				223C2E6E2CBFC4E800A6E75A /* Release */,
			);
			defaultConfigurationIsVisible = 0;
			defaultConfigurationName = Release;
		};
		22553D442D073C810020D164 /* Build configuration list for PBXNativeTarget "News feedTests" */ = {
			isa = XCConfigurationList;
			buildConfigurations = (
				22553D422D073C810020D164 /* Debug */,
				22553D432D073C810020D164 /* Release */,
			);
			defaultConfigurationIsVisible = 0;
			defaultConfigurationName = Release;
		};
		2268F4AE2D07DC2600C05A96 /* Build configuration list for PBXNativeTarget "News feedUITests" */ = {
			isa = XCConfigurationList;
			buildConfigurations = (
				2268F4AF2D07DC2600C05A96 /* Debug */,
				2268F4B02D07DC2600C05A96 /* Release */,
			);
			defaultConfigurationIsVisible = 0;
			defaultConfigurationName = Release;
		};
/* End XCConfigurationList section */

/* Begin XCRemoteSwiftPackageReference section */
		228D84A82CCFE07B007E001E /* XCRemoteSwiftPackageReference "FeedKit" */ = {
			isa = XCRemoteSwiftPackageReference;
			repositoryURL = "https://github.com/nmdias/FeedKit";
			requirement = {
				kind = upToNextMajorVersion;
				minimumVersion = 9.1.2;
			};
		};
/* End XCRemoteSwiftPackageReference section */

/* Begin XCSwiftPackageProductDependency section */
		228D84A92CCFE07B007E001E /* FeedKit */ = {
			isa = XCSwiftPackageProductDependency;
			package = 228D84A82CCFE07B007E001E /* XCRemoteSwiftPackageReference "FeedKit" */;
			productName = FeedKit;
		};
/* End XCSwiftPackageProductDependency section */
	};
	rootObject = 223C2E512CBFC4E700A6E75A /* Project object */;
}
